// !$*UTF8*$!
{
	archiveVersion = 1;
	classes = {
	};
	objectVersion = 50;
	objects = {

/* Begin PBXBuildFile section */
		5B3E1AF625659726002EE447 /* AppDelegate.swift in Sources */ = {isa = PBXBuildFile; fileRef = 5B3E1AF525659726002EE447 /* AppDelegate.swift */; };
		5B3E1AF825659726002EE447 /* SceneDelegate.swift in Sources */ = {isa = PBXBuildFile; fileRef = 5B3E1AF725659726002EE447 /* SceneDelegate.swift */; };
		5B3E1AFA25659726002EE447 /* ViewController.swift in Sources */ = {isa = PBXBuildFile; fileRef = 5B3E1AF925659726002EE447 /* ViewController.swift */; };
		5B3E1AFD25659726002EE447 /* Main.storyboard in Resources */ = {isa = PBXBuildFile; fileRef = 5B3E1AFB25659726002EE447 /* Main.storyboard */; };
		5B3E1AFF25659727002EE447 /* Assets.xcassets in Resources */ = {isa = PBXBuildFile; fileRef = 5B3E1AFE25659727002EE447 /* Assets.xcassets */; };
		5B3E1B0225659727002EE447 /* LaunchScreen.storyboard in Resources */ = {isa = PBXBuildFile; fileRef = 5B3E1B0025659727002EE447 /* LaunchScreen.storyboard */; };
		5B3E1B0D25659727002EE447 /* ChatBotTests.swift in Sources */ = {isa = PBXBuildFile; fileRef = 5B3E1B0C25659727002EE447 /* ChatBotTests.swift */; };
		5B3E1B1825659727002EE447 /* ChatBotUITests.swift in Sources */ = {isa = PBXBuildFile; fileRef = 5B3E1B1725659727002EE447 /* ChatBotUITests.swift */; };
		5B3E1B33256597F2002EE447 /* ChatType.swift in Sources */ = {isa = PBXBuildFile; fileRef = 5B3E1B32256597F2002EE447 /* ChatType.swift */; };
		5B3E1B3B25659834002EE447 /* User.swift in Sources */ = {isa = PBXBuildFile; fileRef = 5B3E1B3A25659834002EE447 /* User.swift */; };
		5B3E1B41256598E0002EE447 /* UserData.swift in Sources */ = {isa = PBXBuildFile; fileRef = 5B3E1B40256598E0002EE447 /* UserData.swift */; };
		5B3E1B6925659D6B002EE447 /* CombineReadme.md in Resources */ = {isa = PBXBuildFile; fileRef = 5B3E1B4D25659D6B002EE447 /* CombineReadme.md */; };
		5B3E1B6A25659D6B002EE447 /* UISlider+Combine.swift in Sources */ = {isa = PBXBuildFile; fileRef = 5B3E1B4F25659D6B002EE447 /* UISlider+Combine.swift */; };
		5B3E1B6B25659D6B002EE447 /* UISwitch+Combine.swift in Sources */ = {isa = PBXBuildFile; fileRef = 5B3E1B5025659D6B002EE447 /* UISwitch+Combine.swift */; };
		5B3E1B6C25659D6B002EE447 /* UIGestureRecognizer+Combine.swift in Sources */ = {isa = PBXBuildFile; fileRef = 5B3E1B5125659D6B002EE447 /* UIGestureRecognizer+Combine.swift */; };
		5B3E1B6D25659D6B002EE447 /* UIPageControl+Combine.swift in Sources */ = {isa = PBXBuildFile; fileRef = 5B3E1B5225659D6B002EE447 /* UIPageControl+Combine.swift */; };
		5B3E1B6E25659D6B002EE447 /* UIStepper+Combine.swift in Sources */ = {isa = PBXBuildFile; fileRef = 5B3E1B5325659D6B002EE447 /* UIStepper+Combine.swift */; };
		5B3E1B6F25659D6B002EE447 /* UIButton+Combine.swift in Sources */ = {isa = PBXBuildFile; fileRef = 5B3E1B5425659D6B002EE447 /* UIButton+Combine.swift */; };
		5B3E1B7025659D6B002EE447 /* UISegmentedControl+Combine.swift in Sources */ = {isa = PBXBuildFile; fileRef = 5B3E1B5525659D6B002EE447 /* UISegmentedControl+Combine.swift */; };
		5B3E1B7125659D6B002EE447 /* UITextView+Combine.swift in Sources */ = {isa = PBXBuildFile; fileRef = 5B3E1B5625659D6B002EE447 /* UITextView+Combine.swift */; };
		5B3E1B7225659D6B002EE447 /* UIScrollView+Combine.swift in Sources */ = {isa = PBXBuildFile; fileRef = 5B3E1B5725659D6B002EE447 /* UIScrollView+Combine.swift */; };
		5B3E1B7325659D6B002EE447 /* UIDatePicker+Combine.swift in Sources */ = {isa = PBXBuildFile; fileRef = 5B3E1B5825659D6B002EE447 /* UIDatePicker+Combine.swift */; };
		5B3E1B7425659D6B002EE447 /* UIRefreshControl+Combine.swift in Sources */ = {isa = PBXBuildFile; fileRef = 5B3E1B5925659D6B002EE447 /* UIRefreshControl+Combine.swift */; };
		5B3E1B7525659D6B002EE447 /* UITextField+Combine.swift in Sources */ = {isa = PBXBuildFile; fileRef = 5B3E1B5A25659D6B002EE447 /* UITextField+Combine.swift */; };
		5B3E1B7625659D6B002EE447 /* UIBarButtonItem+Combine.swift in Sources */ = {isa = PBXBuildFile; fileRef = 5B3E1B5B25659D6B002EE447 /* UIBarButtonItem+Combine.swift */; };
		5B3E1B7725659D6B002EE447 /* CombineControlTarget.swift in Sources */ = {isa = PBXBuildFile; fileRef = 5B3E1B5D25659D6B002EE447 /* CombineControlTarget.swift */; };
		5B3E1B7825659D6B002EE447 /* AnyCancellable+DisposeBag.swift in Sources */ = {isa = PBXBuildFile; fileRef = 5B3E1B5E25659D6B002EE447 /* AnyCancellable+DisposeBag.swift */; };
		5B3E1B7925659D6B002EE447 /* CombineTextView.swift in Sources */ = {isa = PBXBuildFile; fileRef = 5B3E1B6025659D6B002EE447 /* CombineTextView.swift */; };
		5B3E1B7A25659D6B002EE447 /* CombineOtherProperty.swift in Sources */ = {isa = PBXBuildFile; fileRef = 5B3E1B6125659D6B002EE447 /* CombineOtherProperty.swift */; };
		5B3E1B7B25659D6B002EE447 /* CancellableBag.swift in Sources */ = {isa = PBXBuildFile; fileRef = 5B3E1B6225659D6B002EE447 /* CancellableBag.swift */; };
		5B3E1B7C25659D6B002EE447 /* CombineControlProperty.swift in Sources */ = {isa = PBXBuildFile; fileRef = 5B3E1B6325659D6B002EE447 /* CombineControlProperty.swift */; };
		5B3E1B7D25659D6B002EE447 /* CombineControlEvent.swift in Sources */ = {isa = PBXBuildFile; fileRef = 5B3E1B6425659D6B002EE447 /* CombineControlEvent.swift */; };
		5B3E1B7E25659D6B002EE447 /* ExtensionProperty.swift in Sources */ = {isa = PBXBuildFile; fileRef = 5B3E1B6525659D6B002EE447 /* ExtensionProperty.swift */; };
		5B3E1C4B25659EB0002EE447 /* GenericSectionItem.swift in Sources */ = {isa = PBXBuildFile; fileRef = 5B3E1BF025659EB0002EE447 /* GenericSectionItem.swift */; };
		5B3E1C4C25659EB0002EE447 /* GenericSectionModel.swift in Sources */ = {isa = PBXBuildFile; fileRef = 5B3E1BF125659EB0002EE447 /* GenericSectionModel.swift */; };
		5B3E1C4D25659EB0002EE447 /* GenericTableAction.swift in Sources */ = {isa = PBXBuildFile; fileRef = 5B3E1BF225659EB0002EE447 /* GenericTableAction.swift */; };
		5B3E1C4F25659EB0002EE447 /* Editing.swift in Sources */ = {isa = PBXBuildFile; fileRef = 5B3E1BF525659EB0002EE447 /* Editing.swift */; };
		5B3E1C5125659EB0002EE447 /* Datasource.swift in Sources */ = {isa = PBXBuildFile; fileRef = 5B3E1BF725659EB0002EE447 /* Datasource.swift */; };
		5B3E1C5325659EB0002EE447 /* CellsRegister.swift in Sources */ = {isa = PBXBuildFile; fileRef = 5B3E1BF925659EB0002EE447 /* CellsRegister.swift */; };
		5B3E1C5425659EB0002EE447 /* ReactiveTableView.swift in Sources */ = {isa = PBXBuildFile; fileRef = 5B3E1BFA25659EB0002EE447 /* ReactiveTableView.swift */; };
		5B3E1C832565A15C002EE447 /* MessageType.swift in Sources */ = {isa = PBXBuildFile; fileRef = 5B3E1C822565A15C002EE447 /* MessageType.swift */; };
		5B3E1C882565A1F5002EE447 /* ChatMessageData.swift in Sources */ = {isa = PBXBuildFile; fileRef = 5B3E1C872565A1F5002EE447 /* ChatMessageData.swift */; };
		5B3E1C8E2565A34B002EE447 /* ChatMessageCell.swift in Sources */ = {isa = PBXBuildFile; fileRef = 5B3E1C8C2565A34B002EE447 /* ChatMessageCell.swift */; };
		5B3E1C8F2565A34B002EE447 /* ChatMessageCell.xib in Resources */ = {isa = PBXBuildFile; fileRef = 5B3E1C8D2565A34B002EE447 /* ChatMessageCell.xib */; };
/* End PBXBuildFile section */

/* Begin PBXContainerItemProxy section */
		5B3E1B0925659727002EE447 /* PBXContainerItemProxy */ = {
			isa = PBXContainerItemProxy;
			containerPortal = 5B3E1AEA25659726002EE447 /* Project object */;
			proxyType = 1;
			remoteGlobalIDString = 5B3E1AF125659726002EE447;
			remoteInfo = ChatBot;
		};
		5B3E1B1425659727002EE447 /* PBXContainerItemProxy */ = {
			isa = PBXContainerItemProxy;
			containerPortal = 5B3E1AEA25659726002EE447 /* Project object */;
			proxyType = 1;
			remoteGlobalIDString = 5B3E1AF125659726002EE447;
			remoteInfo = ChatBot;
		};
/* End PBXContainerItemProxy section */

/* Begin PBXFileReference section */
		5B3E1AF225659726002EE447 /* ChatBot.app */ = {isa = PBXFileReference; explicitFileType = wrapper.application; includeInIndex = 0; path = ChatBot.app; sourceTree = BUILT_PRODUCTS_DIR; };
		5B3E1AF525659726002EE447 /* AppDelegate.swift */ = {isa = PBXFileReference; lastKnownFileType = sourcecode.swift; path = AppDelegate.swift; sourceTree = "<group>"; };
		5B3E1AF725659726002EE447 /* SceneDelegate.swift */ = {isa = PBXFileReference; lastKnownFileType = sourcecode.swift; path = SceneDelegate.swift; sourceTree = "<group>"; };
		5B3E1AF925659726002EE447 /* ViewController.swift */ = {isa = PBXFileReference; lastKnownFileType = sourcecode.swift; path = ViewController.swift; sourceTree = "<group>"; };
		5B3E1AFC25659726002EE447 /* Base */ = {isa = PBXFileReference; lastKnownFileType = file.storyboard; name = Base; path = Base.lproj/Main.storyboard; sourceTree = "<group>"; };
		5B3E1AFE25659727002EE447 /* Assets.xcassets */ = {isa = PBXFileReference; lastKnownFileType = folder.assetcatalog; path = Assets.xcassets; sourceTree = "<group>"; };
		5B3E1B0125659727002EE447 /* Base */ = {isa = PBXFileReference; lastKnownFileType = file.storyboard; name = Base; path = Base.lproj/LaunchScreen.storyboard; sourceTree = "<group>"; };
		5B3E1B0325659727002EE447 /* Info.plist */ = {isa = PBXFileReference; lastKnownFileType = text.plist.xml; path = Info.plist; sourceTree = "<group>"; };
		5B3E1B0825659727002EE447 /* ChatBotTests.xctest */ = {isa = PBXFileReference; explicitFileType = wrapper.cfbundle; includeInIndex = 0; path = ChatBotTests.xctest; sourceTree = BUILT_PRODUCTS_DIR; };
		5B3E1B0C25659727002EE447 /* ChatBotTests.swift */ = {isa = PBXFileReference; lastKnownFileType = sourcecode.swift; path = ChatBotTests.swift; sourceTree = "<group>"; };
		5B3E1B0E25659727002EE447 /* Info.plist */ = {isa = PBXFileReference; lastKnownFileType = text.plist.xml; path = Info.plist; sourceTree = "<group>"; };
		5B3E1B1325659727002EE447 /* ChatBotUITests.xctest */ = {isa = PBXFileReference; explicitFileType = wrapper.cfbundle; includeInIndex = 0; path = ChatBotUITests.xctest; sourceTree = BUILT_PRODUCTS_DIR; };
		5B3E1B1725659727002EE447 /* ChatBotUITests.swift */ = {isa = PBXFileReference; lastKnownFileType = sourcecode.swift; path = ChatBotUITests.swift; sourceTree = "<group>"; };
		5B3E1B1925659727002EE447 /* Info.plist */ = {isa = PBXFileReference; lastKnownFileType = text.plist.xml; path = Info.plist; sourceTree = "<group>"; };
		5B3E1B32256597F2002EE447 /* ChatType.swift */ = {isa = PBXFileReference; lastKnownFileType = sourcecode.swift; path = ChatType.swift; sourceTree = "<group>"; };
		5B3E1B3A25659834002EE447 /* User.swift */ = {isa = PBXFileReference; lastKnownFileType = sourcecode.swift; path = User.swift; sourceTree = "<group>"; };
		5B3E1B40256598E0002EE447 /* UserData.swift */ = {isa = PBXFileReference; lastKnownFileType = sourcecode.swift; path = UserData.swift; sourceTree = "<group>"; };
		5B3E1B4D25659D6B002EE447 /* CombineReadme.md */ = {isa = PBXFileReference; fileEncoding = 4; lastKnownFileType = net.daringfireball.markdown; path = CombineReadme.md; sourceTree = "<group>"; };
		5B3E1B4F25659D6B002EE447 /* UISlider+Combine.swift */ = {isa = PBXFileReference; fileEncoding = 4; lastKnownFileType = sourcecode.swift; path = "UISlider+Combine.swift"; sourceTree = "<group>"; };
		5B3E1B5025659D6B002EE447 /* UISwitch+Combine.swift */ = {isa = PBXFileReference; fileEncoding = 4; lastKnownFileType = sourcecode.swift; path = "UISwitch+Combine.swift"; sourceTree = "<group>"; };
		5B3E1B5125659D6B002EE447 /* UIGestureRecognizer+Combine.swift */ = {isa = PBXFileReference; fileEncoding = 4; lastKnownFileType = sourcecode.swift; path = "UIGestureRecognizer+Combine.swift"; sourceTree = "<group>"; };
		5B3E1B5225659D6B002EE447 /* UIPageControl+Combine.swift */ = {isa = PBXFileReference; fileEncoding = 4; lastKnownFileType = sourcecode.swift; path = "UIPageControl+Combine.swift"; sourceTree = "<group>"; };
		5B3E1B5325659D6B002EE447 /* UIStepper+Combine.swift */ = {isa = PBXFileReference; fileEncoding = 4; lastKnownFileType = sourcecode.swift; path = "UIStepper+Combine.swift"; sourceTree = "<group>"; };
		5B3E1B5425659D6B002EE447 /* UIButton+Combine.swift */ = {isa = PBXFileReference; fileEncoding = 4; lastKnownFileType = sourcecode.swift; path = "UIButton+Combine.swift"; sourceTree = "<group>"; };
		5B3E1B5525659D6B002EE447 /* UISegmentedControl+Combine.swift */ = {isa = PBXFileReference; fileEncoding = 4; lastKnownFileType = sourcecode.swift; path = "UISegmentedControl+Combine.swift"; sourceTree = "<group>"; };
		5B3E1B5625659D6B002EE447 /* UITextView+Combine.swift */ = {isa = PBXFileReference; fileEncoding = 4; lastKnownFileType = sourcecode.swift; path = "UITextView+Combine.swift"; sourceTree = "<group>"; };
		5B3E1B5725659D6B002EE447 /* UIScrollView+Combine.swift */ = {isa = PBXFileReference; fileEncoding = 4; lastKnownFileType = sourcecode.swift; path = "UIScrollView+Combine.swift"; sourceTree = "<group>"; };
		5B3E1B5825659D6B002EE447 /* UIDatePicker+Combine.swift */ = {isa = PBXFileReference; fileEncoding = 4; lastKnownFileType = sourcecode.swift; path = "UIDatePicker+Combine.swift"; sourceTree = "<group>"; };
		5B3E1B5925659D6B002EE447 /* UIRefreshControl+Combine.swift */ = {isa = PBXFileReference; fileEncoding = 4; lastKnownFileType = sourcecode.swift; path = "UIRefreshControl+Combine.swift"; sourceTree = "<group>"; };
		5B3E1B5A25659D6B002EE447 /* UITextField+Combine.swift */ = {isa = PBXFileReference; fileEncoding = 4; lastKnownFileType = sourcecode.swift; path = "UITextField+Combine.swift"; sourceTree = "<group>"; };
		5B3E1B5B25659D6B002EE447 /* UIBarButtonItem+Combine.swift */ = {isa = PBXFileReference; fileEncoding = 4; lastKnownFileType = sourcecode.swift; path = "UIBarButtonItem+Combine.swift"; sourceTree = "<group>"; };
		5B3E1B5D25659D6B002EE447 /* CombineControlTarget.swift */ = {isa = PBXFileReference; fileEncoding = 4; lastKnownFileType = sourcecode.swift; path = CombineControlTarget.swift; sourceTree = "<group>"; };
		5B3E1B5E25659D6B002EE447 /* AnyCancellable+DisposeBag.swift */ = {isa = PBXFileReference; fileEncoding = 4; lastKnownFileType = sourcecode.swift; path = "AnyCancellable+DisposeBag.swift"; sourceTree = "<group>"; };
		5B3E1B6025659D6B002EE447 /* CombineTextView.swift */ = {isa = PBXFileReference; fileEncoding = 4; lastKnownFileType = sourcecode.swift; path = CombineTextView.swift; sourceTree = "<group>"; };
		5B3E1B6125659D6B002EE447 /* CombineOtherProperty.swift */ = {isa = PBXFileReference; fileEncoding = 4; lastKnownFileType = sourcecode.swift; path = CombineOtherProperty.swift; sourceTree = "<group>"; };
		5B3E1B6225659D6B002EE447 /* CancellableBag.swift */ = {isa = PBXFileReference; fileEncoding = 4; lastKnownFileType = sourcecode.swift; path = CancellableBag.swift; sourceTree = "<group>"; };
		5B3E1B6325659D6B002EE447 /* CombineControlProperty.swift */ = {isa = PBXFileReference; fileEncoding = 4; lastKnownFileType = sourcecode.swift; path = CombineControlProperty.swift; sourceTree = "<group>"; };
		5B3E1B6425659D6B002EE447 /* CombineControlEvent.swift */ = {isa = PBXFileReference; fileEncoding = 4; lastKnownFileType = sourcecode.swift; path = CombineControlEvent.swift; sourceTree = "<group>"; };
		5B3E1B6525659D6B002EE447 /* ExtensionProperty.swift */ = {isa = PBXFileReference; fileEncoding = 4; lastKnownFileType = sourcecode.swift; path = ExtensionProperty.swift; sourceTree = "<group>"; };
		5B3E1BF025659EB0002EE447 /* GenericSectionItem.swift */ = {isa = PBXFileReference; fileEncoding = 4; lastKnownFileType = sourcecode.swift; path = GenericSectionItem.swift; sourceTree = "<group>"; };
		5B3E1BF125659EB0002EE447 /* GenericSectionModel.swift */ = {isa = PBXFileReference; fileEncoding = 4; lastKnownFileType = sourcecode.swift; path = GenericSectionModel.swift; sourceTree = "<group>"; };
		5B3E1BF225659EB0002EE447 /* GenericTableAction.swift */ = {isa = PBXFileReference; fileEncoding = 4; lastKnownFileType = sourcecode.swift; path = GenericTableAction.swift; sourceTree = "<group>"; };
		5B3E1BF525659EB0002EE447 /* Editing.swift */ = {isa = PBXFileReference; fileEncoding = 4; lastKnownFileType = sourcecode.swift; path = Editing.swift; sourceTree = "<group>"; };
		5B3E1BF725659EB0002EE447 /* Datasource.swift */ = {isa = PBXFileReference; fileEncoding = 4; lastKnownFileType = sourcecode.swift; path = Datasource.swift; sourceTree = "<group>"; };
		5B3E1BF925659EB0002EE447 /* CellsRegister.swift */ = {isa = PBXFileReference; fileEncoding = 4; lastKnownFileType = sourcecode.swift; path = CellsRegister.swift; sourceTree = "<group>"; };
		5B3E1BFA25659EB0002EE447 /* ReactiveTableView.swift */ = {isa = PBXFileReference; fileEncoding = 4; lastKnownFileType = sourcecode.swift; path = ReactiveTableView.swift; sourceTree = "<group>"; };
		5B3E1C822565A15C002EE447 /* MessageType.swift */ = {isa = PBXFileReference; lastKnownFileType = sourcecode.swift; path = MessageType.swift; sourceTree = "<group>"; };
		5B3E1C872565A1F5002EE447 /* ChatMessageData.swift */ = {isa = PBXFileReference; lastKnownFileType = sourcecode.swift; path = ChatMessageData.swift; sourceTree = "<group>"; };
		5B3E1C8C2565A34B002EE447 /* ChatMessageCell.swift */ = {isa = PBXFileReference; lastKnownFileType = sourcecode.swift; path = ChatMessageCell.swift; sourceTree = "<group>"; };
		5B3E1C8D2565A34B002EE447 /* ChatMessageCell.xib */ = {isa = PBXFileReference; lastKnownFileType = file.xib; path = ChatMessageCell.xib; sourceTree = "<group>"; };
/* End PBXFileReference section */

/* Begin PBXFrameworksBuildPhase section */
		5B3E1AEF25659726002EE447 /* Frameworks */ = {
			isa = PBXFrameworksBuildPhase;
			buildActionMask = 2147483647;
			files = (
			);
			runOnlyForDeploymentPostprocessing = 0;
		};
		5B3E1B0525659727002EE447 /* Frameworks */ = {
			isa = PBXFrameworksBuildPhase;
			buildActionMask = 2147483647;
			files = (
			);
			runOnlyForDeploymentPostprocessing = 0;
		};
		5B3E1B1025659727002EE447 /* Frameworks */ = {
			isa = PBXFrameworksBuildPhase;
			buildActionMask = 2147483647;
			files = (
			);
			runOnlyForDeploymentPostprocessing = 0;
		};
/* End PBXFrameworksBuildPhase section */

/* Begin PBXGroup section */
		5B3E1AE925659726002EE447 = {
			isa = PBXGroup;
			children = (
				5B3E1AF425659726002EE447 /* ChatBot */,
				5B3E1B0B25659727002EE447 /* ChatBotTests */,
				5B3E1B1625659727002EE447 /* ChatBotUITests */,
				5B3E1AF325659726002EE447 /* Products */,
			);
			sourceTree = "<group>";
		};
		5B3E1AF325659726002EE447 /* Products */ = {
			isa = PBXGroup;
			children = (
				5B3E1AF225659726002EE447 /* ChatBot.app */,
				5B3E1B0825659727002EE447 /* ChatBotTests.xctest */,
				5B3E1B1325659727002EE447 /* ChatBotUITests.xctest */,
			);
			name = Products;
			sourceTree = "<group>";
		};
		5B3E1AF425659726002EE447 /* ChatBot */ = {
			isa = PBXGroup;
			children = (
				5B3E1AF525659726002EE447 /* AppDelegate.swift */,
				5B3E1AF725659726002EE447 /* SceneDelegate.swift */,
				5B3E1AF925659726002EE447 /* ViewController.swift */,
				5B3E1AFB25659726002EE447 /* Main.storyboard */,
				5B3E1B0025659727002EE447 /* LaunchScreen.storyboard */,
				5B3E1B0325659727002EE447 /* Info.plist */,
				5B3E1B3F256598C6002EE447 /* Resources */,
				5B3E1B2B2565976C002EE447 /* App */,
			);
			path = ChatBot;
			sourceTree = "<group>";
		};
		5B3E1B0B25659727002EE447 /* ChatBotTests */ = {
			isa = PBXGroup;
			children = (
				5B3E1B0C25659727002EE447 /* ChatBotTests.swift */,
				5B3E1B0E25659727002EE447 /* Info.plist */,
			);
			path = ChatBotTests;
			sourceTree = "<group>";
		};
		5B3E1B1625659727002EE447 /* ChatBotUITests */ = {
			isa = PBXGroup;
			children = (
				5B3E1B1725659727002EE447 /* ChatBotUITests.swift */,
				5B3E1B1925659727002EE447 /* Info.plist */,
			);
			path = ChatBotUITests;
			sourceTree = "<group>";
		};
		5B3E1B2B2565976C002EE447 /* App */ = {
			isa = PBXGroup;
			children = (
				5B3E1B2C25659773002EE447 /* Entities */,
				5B3E1B30256597BF002EE447 /* Extensions */,
				5B3E1B31256597C5002EE447 /* Modules */,
				5B3E1B2D256597AE002EE447 /* Services */,
				5B3E1B2F256597B9002EE447 /* Utilities */,
				5B3E1B2E256597B4002EE447 /* Views */,
			);
			path = App;
			sourceTree = "<group>";
		};
		5B3E1B2C25659773002EE447 /* Entities */ = {
			isa = PBXGroup;
			children = (
				5B3E1B3A25659834002EE447 /* User.swift */,
				5B3E1C822565A15C002EE447 /* MessageType.swift */,
				5B3E1C872565A1F5002EE447 /* ChatMessageData.swift */,
				5B3E1B32256597F2002EE447 /* ChatType.swift */,
			);
			path = Entities;
			sourceTree = "<group>";
		};
		5B3E1B2D256597AE002EE447 /* Services */ = {
			isa = PBXGroup;
			children = (
			);
			path = Services;
			sourceTree = "<group>";
		};
		5B3E1B2E256597B4002EE447 /* Views */ = {
			isa = PBXGroup;
			children = (
				5B3E1B8825659EAF002EE447 /* ReactiveTableView */,
			);
			path = Views;
			sourceTree = "<group>";
		};
		5B3E1B2F256597B9002EE447 /* Utilities */ = {
			isa = PBXGroup;
			children = (
				5B3E1B4825659D6B002EE447 /* Combine */,
			);
			path = Utilities;
			sourceTree = "<group>";
		};
		5B3E1B30256597BF002EE447 /* Extensions */ = {
			isa = PBXGroup;
			children = (
			);
			path = Extensions;
			sourceTree = "<group>";
		};
		5B3E1B31256597C5002EE447 /* Modules */ = {
			isa = PBXGroup;
			children = (
			);
			path = Modules;
			sourceTree = "<group>";
		};
		5B3E1B3F256598C6002EE447 /* Resources */ = {
			isa = PBXGroup;
			children = (
				5B3E1AFE25659727002EE447 /* Assets.xcassets */,
				5B3E1B40256598E0002EE447 /* UserData.swift */,
			);
			path = Resources;
			sourceTree = "<group>";
		};
		5B3E1B4825659D6B002EE447 /* Combine */ = {
			isa = PBXGroup;
			children = (
				5B3E1B4C25659D6B002EE447 /* Cocoa */,
			);
			path = Combine;
			sourceTree = "<group>";
		};
		5B3E1B4C25659D6B002EE447 /* Cocoa */ = {
			isa = PBXGroup;
			children = (
				5B3E1B4D25659D6B002EE447 /* CombineReadme.md */,
				5B3E1B4E25659D6B002EE447 /* Controls */,
				5B3E1B5C25659D6B002EE447 /* Handlers */,
			);
			path = Cocoa;
			sourceTree = "<group>";
		};
		5B3E1B4E25659D6B002EE447 /* Controls */ = {
			isa = PBXGroup;
			children = (
				5B3E1B4F25659D6B002EE447 /* UISlider+Combine.swift */,
				5B3E1B5025659D6B002EE447 /* UISwitch+Combine.swift */,
				5B3E1B5125659D6B002EE447 /* UIGestureRecognizer+Combine.swift */,
				5B3E1B5225659D6B002EE447 /* UIPageControl+Combine.swift */,
				5B3E1B5325659D6B002EE447 /* UIStepper+Combine.swift */,
				5B3E1B5425659D6B002EE447 /* UIButton+Combine.swift */,
				5B3E1B5525659D6B002EE447 /* UISegmentedControl+Combine.swift */,
				5B3E1B5625659D6B002EE447 /* UITextView+Combine.swift */,
				5B3E1B5725659D6B002EE447 /* UIScrollView+Combine.swift */,
				5B3E1B5825659D6B002EE447 /* UIDatePicker+Combine.swift */,
				5B3E1B5925659D6B002EE447 /* UIRefreshControl+Combine.swift */,
				5B3E1B5A25659D6B002EE447 /* UITextField+Combine.swift */,
				5B3E1B5B25659D6B002EE447 /* UIBarButtonItem+Combine.swift */,
			);
			path = Controls;
			sourceTree = "<group>";
		};
		5B3E1B5C25659D6B002EE447 /* Handlers */ = {
			isa = PBXGroup;
			children = (
				5B3E1B5D25659D6B002EE447 /* CombineControlTarget.swift */,
				5B3E1B5E25659D6B002EE447 /* AnyCancellable+DisposeBag.swift */,
				5B3E1B5F25659D6B002EE447 /* Other */,
				5B3E1B6225659D6B002EE447 /* CancellableBag.swift */,
				5B3E1B6325659D6B002EE447 /* CombineControlProperty.swift */,
				5B3E1B6425659D6B002EE447 /* CombineControlEvent.swift */,
				5B3E1B6525659D6B002EE447 /* ExtensionProperty.swift */,
			);
			path = Handlers;
			sourceTree = "<group>";
		};
		5B3E1B5F25659D6B002EE447 /* Other */ = {
			isa = PBXGroup;
			children = (
				5B3E1B6025659D6B002EE447 /* CombineTextView.swift */,
				5B3E1B6125659D6B002EE447 /* CombineOtherProperty.swift */,
			);
			path = Other;
			sourceTree = "<group>";
		};
		5B3E1B8825659EAF002EE447 /* ReactiveTableView */ = {
			isa = PBXGroup;
			children = (
				5B3E1B8925659EAF002EE447 /* Cells */,
				5B3E1BEF25659EB0002EE447 /* Models */,
				5B3E1BF325659EB0002EE447 /* Extensions */,
				5B3E1BFA25659EB0002EE447 /* ReactiveTableView.swift */,
			);
			path = ReactiveTableView;
			sourceTree = "<group>";
		};
		5B3E1B8925659EAF002EE447 /* Cells */ = {
			isa = PBXGroup;
			children = (
				5B3E1C8C2565A34B002EE447 /* ChatMessageCell.swift */,
				5B3E1C8D2565A34B002EE447 /* ChatMessageCell.xib */,
			);
			path = Cells;
			sourceTree = "<group>";
		};
		5B3E1BEF25659EB0002EE447 /* Models */ = {
			isa = PBXGroup;
			children = (
				5B3E1BF025659EB0002EE447 /* GenericSectionItem.swift */,
				5B3E1BF125659EB0002EE447 /* GenericSectionModel.swift */,
				5B3E1BF225659EB0002EE447 /* GenericTableAction.swift */,
			);
			path = Models;
			sourceTree = "<group>";
		};
		5B3E1BF325659EB0002EE447 /* Extensions */ = {
			isa = PBXGroup;
			children = (
				5B3E1BF525659EB0002EE447 /* Editing.swift */,
				5B3E1BF725659EB0002EE447 /* Datasource.swift */,
				5B3E1BF925659EB0002EE447 /* CellsRegister.swift */,
			);
			path = Extensions;
			sourceTree = "<group>";
		};
/* End PBXGroup section */

/* Begin PBXNativeTarget section */
		5B3E1AF125659726002EE447 /* ChatBot */ = {
			isa = PBXNativeTarget;
			buildConfigurationList = 5B3E1B1C25659727002EE447 /* Build configuration list for PBXNativeTarget "ChatBot" */;
			buildPhases = (
				5B3E1AEE25659726002EE447 /* Sources */,
				5B3E1AEF25659726002EE447 /* Frameworks */,
				5B3E1AF025659726002EE447 /* Resources */,
			);
			buildRules = (
			);
			dependencies = (
			);
			name = ChatBot;
			productName = ChatBot;
			productReference = 5B3E1AF225659726002EE447 /* ChatBot.app */;
			productType = "com.apple.product-type.application";
		};
		5B3E1B0725659727002EE447 /* ChatBotTests */ = {
			isa = PBXNativeTarget;
			buildConfigurationList = 5B3E1B1F25659727002EE447 /* Build configuration list for PBXNativeTarget "ChatBotTests" */;
			buildPhases = (
				5B3E1B0425659727002EE447 /* Sources */,
				5B3E1B0525659727002EE447 /* Frameworks */,
				5B3E1B0625659727002EE447 /* Resources */,
			);
			buildRules = (
			);
			dependencies = (
				5B3E1B0A25659727002EE447 /* PBXTargetDependency */,
			);
			name = ChatBotTests;
			productName = ChatBotTests;
			productReference = 5B3E1B0825659727002EE447 /* ChatBotTests.xctest */;
			productType = "com.apple.product-type.bundle.unit-test";
		};
		5B3E1B1225659727002EE447 /* ChatBotUITests */ = {
			isa = PBXNativeTarget;
			buildConfigurationList = 5B3E1B2225659727002EE447 /* Build configuration list for PBXNativeTarget "ChatBotUITests" */;
			buildPhases = (
				5B3E1B0F25659727002EE447 /* Sources */,
				5B3E1B1025659727002EE447 /* Frameworks */,
				5B3E1B1125659727002EE447 /* Resources */,
			);
			buildRules = (
			);
			dependencies = (
				5B3E1B1525659727002EE447 /* PBXTargetDependency */,
			);
			name = ChatBotUITests;
			productName = ChatBotUITests;
			productReference = 5B3E1B1325659727002EE447 /* ChatBotUITests.xctest */;
			productType = "com.apple.product-type.bundle.ui-testing";
		};
/* End PBXNativeTarget section */

/* Begin PBXProject section */
		5B3E1AEA25659726002EE447 /* Project object */ = {
			isa = PBXProject;
			attributes = {
				LastSwiftUpdateCheck = 1220;
				LastUpgradeCheck = 1220;
				TargetAttributes = {
					5B3E1AF125659726002EE447 = {
						CreatedOnToolsVersion = 12.2;
					};
					5B3E1B0725659727002EE447 = {
						CreatedOnToolsVersion = 12.2;
						TestTargetID = 5B3E1AF125659726002EE447;
					};
					5B3E1B1225659727002EE447 = {
						CreatedOnToolsVersion = 12.2;
						TestTargetID = 5B3E1AF125659726002EE447;
					};
				};
			};
			buildConfigurationList = 5B3E1AED25659726002EE447 /* Build configuration list for PBXProject "ChatBot" */;
			compatibilityVersion = "Xcode 9.3";
			developmentRegion = en;
			hasScannedForEncodings = 0;
			knownRegions = (
				en,
				Base,
			);
			mainGroup = 5B3E1AE925659726002EE447;
			productRefGroup = 5B3E1AF325659726002EE447 /* Products */;
			projectDirPath = "";
			projectRoot = "";
			targets = (
				5B3E1AF125659726002EE447 /* ChatBot */,
				5B3E1B0725659727002EE447 /* ChatBotTests */,
				5B3E1B1225659727002EE447 /* ChatBotUITests */,
			);
		};
/* End PBXProject section */

/* Begin PBXResourcesBuildPhase section */
		5B3E1AF025659726002EE447 /* Resources */ = {
			isa = PBXResourcesBuildPhase;
			buildActionMask = 2147483647;
			files = (
				5B3E1C8F2565A34B002EE447 /* ChatMessageCell.xib in Resources */,
				5B3E1B0225659727002EE447 /* LaunchScreen.storyboard in Resources */,
				5B3E1AFF25659727002EE447 /* Assets.xcassets in Resources */,
				5B3E1B6925659D6B002EE447 /* CombineReadme.md in Resources */,
				5B3E1AFD25659726002EE447 /* Main.storyboard in Resources */,
			);
			runOnlyForDeploymentPostprocessing = 0;
		};
		5B3E1B0625659727002EE447 /* Resources */ = {
			isa = PBXResourcesBuildPhase;
			buildActionMask = 2147483647;
			files = (
			);
			runOnlyForDeploymentPostprocessing = 0;
		};
		5B3E1B1125659727002EE447 /* Resources */ = {
			isa = PBXResourcesBuildPhase;
			buildActionMask = 2147483647;
			files = (
			);
			runOnlyForDeploymentPostprocessing = 0;
		};
/* End PBXResourcesBuildPhase section */

/* Begin PBXSourcesBuildPhase section */
		5B3E1AEE25659726002EE447 /* Sources */ = {
			isa = PBXSourcesBuildPhase;
			buildActionMask = 2147483647;
			files = (
				5B3E1B7625659D6B002EE447 /* UIBarButtonItem+Combine.swift in Sources */,
				5B3E1B7125659D6B002EE447 /* UITextView+Combine.swift in Sources */,
				5B3E1B7225659D6B002EE447 /* UIScrollView+Combine.swift in Sources */,
				5B3E1C5325659EB0002EE447 /* CellsRegister.swift in Sources */,
				5B3E1B7A25659D6B002EE447 /* CombineOtherProperty.swift in Sources */,
				5B3E1C5125659EB0002EE447 /* Datasource.swift in Sources */,
				5B3E1B6F25659D6B002EE447 /* UIButton+Combine.swift in Sources */,
				5B3E1C882565A1F5002EE447 /* ChatMessageData.swift in Sources */,
				5B3E1B6D25659D6B002EE447 /* UIPageControl+Combine.swift in Sources */,
				5B3E1B6A25659D6B002EE447 /* UISlider+Combine.swift in Sources */,
				5B3E1B41256598E0002EE447 /* UserData.swift in Sources */,
				5B3E1AFA25659726002EE447 /* ViewController.swift in Sources */,
				5B3E1AF625659726002EE447 /* AppDelegate.swift in Sources */,
				5B3E1B6E25659D6B002EE447 /* UIStepper+Combine.swift in Sources */,
				5B3E1B7825659D6B002EE447 /* AnyCancellable+DisposeBag.swift in Sources */,
				5B3E1B7525659D6B002EE447 /* UITextField+Combine.swift in Sources */,
				5B3E1B7425659D6B002EE447 /* UIRefreshControl+Combine.swift in Sources */,
				5B3E1AF825659726002EE447 /* SceneDelegate.swift in Sources */,
				5B3E1B3B25659834002EE447 /* User.swift in Sources */,
				5B3E1B7C25659D6B002EE447 /* CombineControlProperty.swift in Sources */,
				5B3E1C4B25659EB0002EE447 /* GenericSectionItem.swift in Sources */,
				5B3E1B33256597F2002EE447 /* ChatType.swift in Sources */,
				5B3E1B7B25659D6B002EE447 /* CancellableBag.swift in Sources */,
				5B3E1B7025659D6B002EE447 /* UISegmentedControl+Combine.swift in Sources */,
				5B3E1B7925659D6B002EE447 /* CombineTextView.swift in Sources */,
				5B3E1B6B25659D6B002EE447 /* UISwitch+Combine.swift in Sources */,
				5B3E1B7325659D6B002EE447 /* UIDatePicker+Combine.swift in Sources */,
				5B3E1C4D25659EB0002EE447 /* GenericTableAction.swift in Sources */,
				5B3E1C4F25659EB0002EE447 /* Editing.swift in Sources */,
				5B3E1C832565A15C002EE447 /* MessageType.swift in Sources */,
				5B3E1B7725659D6B002EE447 /* CombineControlTarget.swift in Sources */,
				5B3E1C4C25659EB0002EE447 /* GenericSectionModel.swift in Sources */,
				5B3E1C8E2565A34B002EE447 /* ChatMessageCell.swift in Sources */,
				5B3E1C5425659EB0002EE447 /* ReactiveTableView.swift in Sources */,
				5B3E1B6C25659D6B002EE447 /* UIGestureRecognizer+Combine.swift in Sources */,
				5B3E1B7E25659D6B002EE447 /* ExtensionProperty.swift in Sources */,
				5B3E1B7D25659D6B002EE447 /* CombineControlEvent.swift in Sources */,
			);
			runOnlyForDeploymentPostprocessing = 0;
		};
		5B3E1B0425659727002EE447 /* Sources */ = {
			isa = PBXSourcesBuildPhase;
			buildActionMask = 2147483647;
			files = (
				5B3E1B0D25659727002EE447 /* ChatBotTests.swift in Sources */,
			);
			runOnlyForDeploymentPostprocessing = 0;
		};
		5B3E1B0F25659727002EE447 /* Sources */ = {
			isa = PBXSourcesBuildPhase;
			buildActionMask = 2147483647;
			files = (
				5B3E1B1825659727002EE447 /* ChatBotUITests.swift in Sources */,
			);
			runOnlyForDeploymentPostprocessing = 0;
		};
/* End PBXSourcesBuildPhase section */

/* Begin PBXTargetDependency section */
		5B3E1B0A25659727002EE447 /* PBXTargetDependency */ = {
			isa = PBXTargetDependency;
			target = 5B3E1AF125659726002EE447 /* ChatBot */;
			targetProxy = 5B3E1B0925659727002EE447 /* PBXContainerItemProxy */;
		};
		5B3E1B1525659727002EE447 /* PBXTargetDependency */ = {
			isa = PBXTargetDependency;
			target = 5B3E1AF125659726002EE447 /* ChatBot */;
			targetProxy = 5B3E1B1425659727002EE447 /* PBXContainerItemProxy */;
		};
/* End PBXTargetDependency section */

/* Begin PBXVariantGroup section */
		5B3E1AFB25659726002EE447 /* Main.storyboard */ = {
			isa = PBXVariantGroup;
			children = (
				5B3E1AFC25659726002EE447 /* Base */,
			);
			name = Main.storyboard;
			sourceTree = "<group>";
		};
		5B3E1B0025659727002EE447 /* LaunchScreen.storyboard */ = {
			isa = PBXVariantGroup;
			children = (
				5B3E1B0125659727002EE447 /* Base */,
			);
			name = LaunchScreen.storyboard;
			sourceTree = "<group>";
		};
/* End PBXVariantGroup section */

/* Begin XCBuildConfiguration section */
		5B3E1B1A25659727002EE447 /* Debug */ = {
			isa = XCBuildConfiguration;
			buildSettings = {
				ALWAYS_SEARCH_USER_PATHS = NO;
				CLANG_ANALYZER_NONNULL = YES;
				CLANG_ANALYZER_NUMBER_OBJECT_CONVERSION = YES_AGGRESSIVE;
				CLANG_CXX_LANGUAGE_STANDARD = "gnu++14";
				CLANG_CXX_LIBRARY = "libc++";
				CLANG_ENABLE_MODULES = YES;
				CLANG_ENABLE_OBJC_ARC = YES;
				CLANG_ENABLE_OBJC_WEAK = YES;
				CLANG_WARN_BLOCK_CAPTURE_AUTORELEASING = YES;
				CLANG_WARN_BOOL_CONVERSION = YES;
				CLANG_WARN_COMMA = YES;
				CLANG_WARN_CONSTANT_CONVERSION = YES;
				CLANG_WARN_DEPRECATED_OBJC_IMPLEMENTATIONS = YES;
				CLANG_WARN_DIRECT_OBJC_ISA_USAGE = YES_ERROR;
				CLANG_WARN_DOCUMENTATION_COMMENTS = YES;
				CLANG_WARN_EMPTY_BODY = YES;
				CLANG_WARN_ENUM_CONVERSION = YES;
				CLANG_WARN_INFINITE_RECURSION = YES;
				CLANG_WARN_INT_CONVERSION = YES;
				CLANG_WARN_NON_LITERAL_NULL_CONVERSION = YES;
				CLANG_WARN_OBJC_IMPLICIT_RETAIN_SELF = YES;
				CLANG_WARN_OBJC_LITERAL_CONVERSION = YES;
				CLANG_WARN_OBJC_ROOT_CLASS = YES_ERROR;
				CLANG_WARN_QUOTED_INCLUDE_IN_FRAMEWORK_HEADER = YES;
				CLANG_WARN_RANGE_LOOP_ANALYSIS = YES;
				CLANG_WARN_STRICT_PROTOTYPES = YES;
				CLANG_WARN_SUSPICIOUS_MOVE = YES;
				CLANG_WARN_UNGUARDED_AVAILABILITY = YES_AGGRESSIVE;
				CLANG_WARN_UNREACHABLE_CODE = YES;
				CLANG_WARN__DUPLICATE_METHOD_MATCH = YES;
				COPY_PHASE_STRIP = NO;
				DEBUG_INFORMATION_FORMAT = dwarf;
				ENABLE_STRICT_OBJC_MSGSEND = YES;
				ENABLE_TESTABILITY = YES;
				GCC_C_LANGUAGE_STANDARD = gnu11;
				GCC_DYNAMIC_NO_PIC = NO;
				GCC_NO_COMMON_BLOCKS = YES;
				GCC_OPTIMIZATION_LEVEL = 0;
				GCC_PREPROCESSOR_DEFINITIONS = (
					"DEBUG=1",
					"$(inherited)",
				);
				GCC_WARN_64_TO_32_BIT_CONVERSION = YES;
				GCC_WARN_ABOUT_RETURN_TYPE = YES_ERROR;
				GCC_WARN_UNDECLARED_SELECTOR = YES;
				GCC_WARN_UNINITIALIZED_AUTOS = YES_AGGRESSIVE;
				GCC_WARN_UNUSED_FUNCTION = YES;
				GCC_WARN_UNUSED_VARIABLE = YES;
				IPHONEOS_DEPLOYMENT_TARGET = 14.2;
				MTL_ENABLE_DEBUG_INFO = INCLUDE_SOURCE;
				MTL_FAST_MATH = YES;
				ONLY_ACTIVE_ARCH = YES;
				SDKROOT = iphoneos;
				SWIFT_ACTIVE_COMPILATION_CONDITIONS = DEBUG;
				SWIFT_OPTIMIZATION_LEVEL = "-Onone";
			};
			name = Debug;
		};
		5B3E1B1B25659727002EE447 /* Release */ = {
			isa = XCBuildConfiguration;
			buildSettings = {
				ALWAYS_SEARCH_USER_PATHS = NO;
				CLANG_ANALYZER_NONNULL = YES;
				CLANG_ANALYZER_NUMBER_OBJECT_CONVERSION = YES_AGGRESSIVE;
				CLANG_CXX_LANGUAGE_STANDARD = "gnu++14";
				CLANG_CXX_LIBRARY = "libc++";
				CLANG_ENABLE_MODULES = YES;
				CLANG_ENABLE_OBJC_ARC = YES;
				CLANG_ENABLE_OBJC_WEAK = YES;
				CLANG_WARN_BLOCK_CAPTURE_AUTORELEASING = YES;
				CLANG_WARN_BOOL_CONVERSION = YES;
				CLANG_WARN_COMMA = YES;
				CLANG_WARN_CONSTANT_CONVERSION = YES;
				CLANG_WARN_DEPRECATED_OBJC_IMPLEMENTATIONS = YES;
				CLANG_WARN_DIRECT_OBJC_ISA_USAGE = YES_ERROR;
				CLANG_WARN_DOCUMENTATION_COMMENTS = YES;
				CLANG_WARN_EMPTY_BODY = YES;
				CLANG_WARN_ENUM_CONVERSION = YES;
				CLANG_WARN_INFINITE_RECURSION = YES;
				CLANG_WARN_INT_CONVERSION = YES;
				CLANG_WARN_NON_LITERAL_NULL_CONVERSION = YES;
				CLANG_WARN_OBJC_IMPLICIT_RETAIN_SELF = YES;
				CLANG_WARN_OBJC_LITERAL_CONVERSION = YES;
				CLANG_WARN_OBJC_ROOT_CLASS = YES_ERROR;
				CLANG_WARN_QUOTED_INCLUDE_IN_FRAMEWORK_HEADER = YES;
				CLANG_WARN_RANGE_LOOP_ANALYSIS = YES;
				CLANG_WARN_STRICT_PROTOTYPES = YES;
				CLANG_WARN_SUSPICIOUS_MOVE = YES;
				CLANG_WARN_UNGUARDED_AVAILABILITY = YES_AGGRESSIVE;
				CLANG_WARN_UNREACHABLE_CODE = YES;
				CLANG_WARN__DUPLICATE_METHOD_MATCH = YES;
				COPY_PHASE_STRIP = NO;
				DEBUG_INFORMATION_FORMAT = "dwarf-with-dsym";
				ENABLE_NS_ASSERTIONS = NO;
				ENABLE_STRICT_OBJC_MSGSEND = YES;
				GCC_C_LANGUAGE_STANDARD = gnu11;
				GCC_NO_COMMON_BLOCKS = YES;
				GCC_WARN_64_TO_32_BIT_CONVERSION = YES;
				GCC_WARN_ABOUT_RETURN_TYPE = YES_ERROR;
				GCC_WARN_UNDECLARED_SELECTOR = YES;
				GCC_WARN_UNINITIALIZED_AUTOS = YES_AGGRESSIVE;
				GCC_WARN_UNUSED_FUNCTION = YES;
				GCC_WARN_UNUSED_VARIABLE = YES;
				IPHONEOS_DEPLOYMENT_TARGET = 14.2;
				MTL_ENABLE_DEBUG_INFO = NO;
				MTL_FAST_MATH = YES;
				SDKROOT = iphoneos;
				SWIFT_COMPILATION_MODE = wholemodule;
				SWIFT_OPTIMIZATION_LEVEL = "-O";
				VALIDATE_PRODUCT = YES;
			};
			name = Release;
		};
		5B3E1B1D25659727002EE447 /* Debug */ = {
			isa = XCBuildConfiguration;
			buildSettings = {
				ASSETCATALOG_COMPILER_APPICON_NAME = AppIcon;
				ASSETCATALOG_COMPILER_GLOBAL_ACCENT_COLOR_NAME = AccentColor;
				CODE_SIGN_STYLE = Automatic;
				DEVELOPMENT_TEAM = 9TN55PBP68;
				INFOPLIST_FILE = ChatBot/Info.plist;
				LD_RUNPATH_SEARCH_PATHS = (
					"$(inherited)",
					"@executable_path/Frameworks",
				);
				PRODUCT_BUNDLE_IDENTIFIER = com.selfcode.ChatBot;
				PRODUCT_NAME = "$(TARGET_NAME)";
				SWIFT_VERSION = 5.0;
				TARGETED_DEVICE_FAMILY = 1;
			};
			name = Debug;
		};
		5B3E1B1E25659727002EE447 /* Release */ = {
			isa = XCBuildConfiguration;
			buildSettings = {
				ASSETCATALOG_COMPILER_APPICON_NAME = AppIcon;
				ASSETCATALOG_COMPILER_GLOBAL_ACCENT_COLOR_NAME = AccentColor;
				CODE_SIGN_STYLE = Automatic;
				DEVELOPMENT_TEAM = 9TN55PBP68;
				INFOPLIST_FILE = ChatBot/Info.plist;
				LD_RUNPATH_SEARCH_PATHS = (
					"$(inherited)",
					"@executable_path/Frameworks",
				);
				PRODUCT_BUNDLE_IDENTIFIER = com.selfcode.ChatBot;
				PRODUCT_NAME = "$(TARGET_NAME)";
				SWIFT_VERSION = 5.0;
				TARGETED_DEVICE_FAMILY = 1;
			};
			name = Release;
		};
		5B3E1B2025659727002EE447 /* Debug */ = {
			isa = XCBuildConfiguration;
			buildSettings = {
				ALWAYS_EMBED_SWIFT_STANDARD_LIBRARIES = YES;
				BUNDLE_LOADER = "$(TEST_HOST)";
				CODE_SIGN_STYLE = Automatic;
				DEVELOPMENT_TEAM = 9TN55PBP68;
				INFOPLIST_FILE = ChatBotTests/Info.plist;
				IPHONEOS_DEPLOYMENT_TARGET = 14.2;
				LD_RUNPATH_SEARCH_PATHS = (
					"$(inherited)",
					"@executable_path/Frameworks",
					"@loader_path/Frameworks",
				);
				PRODUCT_BUNDLE_IDENTIFIER = com.selfcode.ChatBotTests;
				PRODUCT_NAME = "$(TARGET_NAME)";
				SWIFT_VERSION = 5.0;
				TARGETED_DEVICE_FAMILY = "1,2";
				TEST_HOST = "$(BUILT_PRODUCTS_DIR)/ChatBot.app/ChatBot";
			};
			name = Debug;
		};
		5B3E1B2125659727002EE447 /* Release */ = {
			isa = XCBuildConfiguration;
			buildSettings = {
				ALWAYS_EMBED_SWIFT_STANDARD_LIBRARIES = YES;
				BUNDLE_LOADER = "$(TEST_HOST)";
				CODE_SIGN_STYLE = Automatic;
				DEVELOPMENT_TEAM = 9TN55PBP68;
				INFOPLIST_FILE = ChatBotTests/Info.plist;
				IPHONEOS_DEPLOYMENT_TARGET = 14.2;
				LD_RUNPATH_SEARCH_PATHS = (
					"$(inherited)",
					"@executable_path/Frameworks",
					"@loader_path/Frameworks",
				);
				PRODUCT_BUNDLE_IDENTIFIER = com.selfcode.ChatBotTests;
				PRODUCT_NAME = "$(TARGET_NAME)";
				SWIFT_VERSION = 5.0;
				TARGETED_DEVICE_FAMILY = "1,2";
				TEST_HOST = "$(BUILT_PRODUCTS_DIR)/ChatBot.app/ChatBot";
			};
			name = Release;
		};
		5B3E1B2325659727002EE447 /* Debug */ = {
			isa = XCBuildConfiguration;
			buildSettings = {
				ALWAYS_EMBED_SWIFT_STANDARD_LIBRARIES = YES;
				CODE_SIGN_STYLE = Automatic;
				DEVELOPMENT_TEAM = 9TN55PBP68;
				INFOPLIST_FILE = ChatBotUITests/Info.plist;
				LD_RUNPATH_SEARCH_PATHS = (
					"$(inherited)",
					"@executable_path/Frameworks",
					"@loader_path/Frameworks",
				);
				PRODUCT_BUNDLE_IDENTIFIER = com.selfcode.ChatBotUITests;
				PRODUCT_NAME = "$(TARGET_NAME)";
				SWIFT_VERSION = 5.0;
				TARGETED_DEVICE_FAMILY = "1,2";
				TEST_TARGET_NAME = ChatBot;
			};
			name = Debug;
		};
		5B3E1B2425659727002EE447 /* Release */ = {
			isa = XCBuildConfiguration;
			buildSettings = {
				ALWAYS_EMBED_SWIFT_STANDARD_LIBRARIES = YES;
				CODE_SIGN_STYLE = Automatic;
				DEVELOPMENT_TEAM = 9TN55PBP68;
				INFOPLIST_FILE = ChatBotUITests/Info.plist;
				LD_RUNPATH_SEARCH_PATHS = (
					"$(inherited)",
					"@executable_path/Frameworks",
					"@loader_path/Frameworks",
				);
				PRODUCT_BUNDLE_IDENTIFIER = com.selfcode.ChatBotUITests;
				PRODUCT_NAME = "$(TARGET_NAME)";
				SWIFT_VERSION = 5.0;
				TARGETED_DEVICE_FAMILY = "1,2";
				TEST_TARGET_NAME = ChatBot;
			};
			name = Release;
		};
/* End XCBuildConfiguration section */

/* Begin XCConfigurationList section */
		5B3E1AED25659726002EE447 /* Build configuration list for PBXProject "ChatBot" */ = {
			isa = XCConfigurationList;
			buildConfigurations = (
				5B3E1B1A25659727002EE447 /* Debug */,
				5B3E1B1B25659727002EE447 /* Release */,
			);
			defaultConfigurationIsVisible = 0;
			defaultConfigurationName = Release;
		};
		5B3E1B1C25659727002EE447 /* Build configuration list for PBXNativeTarget "ChatBot" */ = {
			isa = XCConfigurationList;
			buildConfigurations = (
				5B3E1B1D25659727002EE447 /* Debug */,
				5B3E1B1E25659727002EE447 /* Release */,
			);
			defaultConfigurationIsVisible = 0;
			defaultConfigurationName = Release;
		};
		5B3E1B1F25659727002EE447 /* Build configuration list for PBXNativeTarget "ChatBotTests" */ = {
			isa = XCConfigurationList;
			buildConfigurations = (
				5B3E1B2025659727002EE447 /* Debug */,
				5B3E1B2125659727002EE447 /* Release */,
			);
			defaultConfigurationIsVisible = 0;
			defaultConfigurationName = Release;
		};
		5B3E1B2225659727002EE447 /* Build configuration list for PBXNativeTarget "ChatBotUITests" */ = {
			isa = XCConfigurationList;
			buildConfigurations = (
				5B3E1B2325659727002EE447 /* Debug */,
				5B3E1B2425659727002EE447 /* Release */,
			);
			defaultConfigurationIsVisible = 0;
			defaultConfigurationName = Release;
		};
/* End XCConfigurationList section */
	};
	rootObject = 5B3E1AEA25659726002EE447 /* Project object */;
}
